// !$*UTF8*$!
{
	archiveVersion = 1;
	classes = {
	};
	objectVersion = 46;
	objects = {

/* Begin PBXBuildFile section */
		5596F4531C5D76F900C6B7BF /* AppDelegate.m in Sources */ = {isa = PBXBuildFile; fileRef = 5596F4521C5D76F900C6B7BF /* AppDelegate.m */; };
		5596F4551C5D76F900C6B7BF /* main.m in Sources */ = {isa = PBXBuildFile; fileRef = 5596F4541C5D76F900C6B7BF /* main.m */; };
		5596F4571C5D76F900C6B7BF /* Images.xcassets in Resources */ = {isa = PBXBuildFile; fileRef = 5596F4561C5D76F900C6B7BF /* Images.xcassets */; };
		5596F45A1C5D76F900C6B7BF /* MainMenu.xib in Resources */ = {isa = PBXBuildFile; fileRef = 5596F4581C5D76F900C6B7BF /* MainMenu.xib */; };
		5596F4661C5D76F900C6B7BF /* QuickMusicTests.m in Sources */ = {isa = PBXBuildFile; fileRef = 5596F4651C5D76F900C6B7BF /* QuickMusicTests.m */; };
		5596F4731C5D77D800C6B7BF /* AlbumTests.m in Sources */ = {isa = PBXBuildFile; fileRef = 5596F46F1C5D77D800C6B7BF /* AlbumTests.m */; };
		5596F4741C5D77D800C6B7BF /* ImporterTests.m in Sources */ = {isa = PBXBuildFile; fileRef = 5596F4701C5D77D800C6B7BF /* ImporterTests.m */; };
		5596F4751C5D77D800C6B7BF /* LibraryTests.m in Sources */ = {isa = PBXBuildFile; fileRef = 5596F4711C5D77D800C6B7BF /* LibraryTests.m */; };
		5596F4761C5D77D800C6B7BF /* SongTests.m in Sources */ = {isa = PBXBuildFile; fileRef = 5596F4721C5D77D800C6B7BF /* SongTests.m */; };
		5596F4831C5D77EA00C6B7BF /* QMAlbum.m in Sources */ = {isa = PBXBuildFile; fileRef = 5596F4791C5D77EA00C6B7BF /* QMAlbum.m */; };
		5596F4841C5D77EA00C6B7BF /* QMImporter.m in Sources */ = {isa = PBXBuildFile; fileRef = 5596F47B1C5D77EA00C6B7BF /* QMImporter.m */; };
		5596F4851C5D77EA00C6B7BF /* QMLibrary.m in Sources */ = {isa = PBXBuildFile; fileRef = 5596F47D1C5D77EA00C6B7BF /* QMLibrary.m */; };
		5596F4861C5D77EA00C6B7BF /* QMSong.m in Sources */ = {isa = PBXBuildFile; fileRef = 5596F47F1C5D77EA00C6B7BF /* QMSong.m */; };
		5596F4871C5D77EA00C6B7BF /* ViewController.m in Sources */ = {isa = PBXBuildFile; fileRef = 5596F4811C5D77EA00C6B7BF /* ViewController.m */; };
		55BF67C51C5E26F300F95753 /* iTunesLibrary.framework in Frameworks */ = {isa = PBXBuildFile; fileRef = 55BF67C41C5E26F300F95753 /* iTunesLibrary.framework */; };
/* End PBXBuildFile section */

/* Begin PBXContainerItemProxy section */
		5596F4601C5D76F900C6B7BF /* PBXContainerItemProxy */ = {
			isa = PBXContainerItemProxy;
			containerPortal = 5596F4441C5D76F900C6B7BF /* Project object */;
			proxyType = 1;
			remoteGlobalIDString = 5596F44B1C5D76F900C6B7BF;
			remoteInfo = QuickMusic;
		};
/* End PBXContainerItemProxy section */

/* Begin PBXFileReference section */
		5596F44C1C5D76F900C6B7BF /* QuickMusic.app */ = {isa = PBXFileReference; explicitFileType = wrapper.application; includeInIndex = 0; path = QuickMusic.app; sourceTree = BUILT_PRODUCTS_DIR; };
		5596F4501C5D76F900C6B7BF /* Info.plist */ = {isa = PBXFileReference; lastKnownFileType = text.plist.xml; path = Info.plist; sourceTree = "<group>"; };
		5596F4511C5D76F900C6B7BF /* AppDelegate.h */ = {isa = PBXFileReference; lastKnownFileType = sourcecode.c.h; path = AppDelegate.h; sourceTree = "<group>"; };
		5596F4521C5D76F900C6B7BF /* AppDelegate.m */ = {isa = PBXFileReference; lastKnownFileType = sourcecode.c.objc; path = AppDelegate.m; sourceTree = "<group>"; };
		5596F4541C5D76F900C6B7BF /* main.m */ = {isa = PBXFileReference; lastKnownFileType = sourcecode.c.objc; path = main.m; sourceTree = "<group>"; };
		5596F4561C5D76F900C6B7BF /* Images.xcassets */ = {isa = PBXFileReference; lastKnownFileType = folder.assetcatalog; path = Images.xcassets; sourceTree = "<group>"; };
		5596F4591C5D76F900C6B7BF /* Base */ = {isa = PBXFileReference; lastKnownFileType = file.xib; name = Base; path = Base.lproj/MainMenu.xib; sourceTree = "<group>"; };
		5596F45F1C5D76F900C6B7BF /* QuickMusicTests.xctest */ = {isa = PBXFileReference; explicitFileType = wrapper.cfbundle; includeInIndex = 0; path = QuickMusicTests.xctest; sourceTree = BUILT_PRODUCTS_DIR; };
		5596F4641C5D76F900C6B7BF /* Info.plist */ = {isa = PBXFileReference; lastKnownFileType = text.plist.xml; path = Info.plist; sourceTree = "<group>"; };
		5596F4651C5D76F900C6B7BF /* QuickMusicTests.m */ = {isa = PBXFileReference; lastKnownFileType = sourcecode.c.objc; path = QuickMusicTests.m; sourceTree = "<group>"; };
		5596F46F1C5D77D800C6B7BF /* AlbumTests.m */ = {isa = PBXFileReference; fileEncoding = 4; lastKnownFileType = sourcecode.c.objc; path = AlbumTests.m; sourceTree = "<group>"; };
		5596F4701C5D77D800C6B7BF /* ImporterTests.m */ = {isa = PBXFileReference; fileEncoding = 4; lastKnownFileType = sourcecode.c.objc; path = ImporterTests.m; sourceTree = "<group>"; };
		5596F4711C5D77D800C6B7BF /* LibraryTests.m */ = {isa = PBXFileReference; fileEncoding = 4; lastKnownFileType = sourcecode.c.objc; path = LibraryTests.m; sourceTree = "<group>"; };
		5596F4721C5D77D800C6B7BF /* SongTests.m */ = {isa = PBXFileReference; fileEncoding = 4; lastKnownFileType = sourcecode.c.objc; path = SongTests.m; sourceTree = "<group>"; };
		5596F4781C5D77EA00C6B7BF /* QMAlbum.h */ = {isa = PBXFileReference; fileEncoding = 4; lastKnownFileType = sourcecode.c.h; path = QMAlbum.h; sourceTree = "<group>"; };
		5596F4791C5D77EA00C6B7BF /* QMAlbum.m */ = {isa = PBXFileReference; fileEncoding = 4; lastKnownFileType = sourcecode.c.objc; path = QMAlbum.m; sourceTree = "<group>"; };
		5596F47A1C5D77EA00C6B7BF /* QMImporter.h */ = {isa = PBXFileReference; fileEncoding = 4; lastKnownFileType = sourcecode.c.h; path = QMImporter.h; sourceTree = "<group>"; };
		5596F47B1C5D77EA00C6B7BF /* QMImporter.m */ = {isa = PBXFileReference; fileEncoding = 4; lastKnownFileType = sourcecode.c.objc; path = QMImporter.m; sourceTree = "<group>"; };
		5596F47C1C5D77EA00C6B7BF /* QMLibrary.h */ = {isa = PBXFileReference; fileEncoding = 4; lastKnownFileType = sourcecode.c.h; path = QMLibrary.h; sourceTree = "<group>"; };
		5596F47D1C5D77EA00C6B7BF /* QMLibrary.m */ = {isa = PBXFileReference; fileEncoding = 4; lastKnownFileType = sourcecode.c.objc; path = QMLibrary.m; sourceTree = "<group>"; };
		5596F47E1C5D77EA00C6B7BF /* QMSong.h */ = {isa = PBXFileReference; fileEncoding = 4; lastKnownFileType = sourcecode.c.h; path = QMSong.h; sourceTree = "<group>"; };
		5596F47F1C5D77EA00C6B7BF /* QMSong.m */ = {isa = PBXFileReference; fileEncoding = 4; lastKnownFileType = sourcecode.c.objc; path = QMSong.m; sourceTree = "<group>"; };
		5596F4801C5D77EA00C6B7BF /* ViewController.h */ = {isa = PBXFileReference; fileEncoding = 4; lastKnownFileType = sourcecode.c.h; path = ViewController.h; sourceTree = "<group>"; };
		5596F4811C5D77EA00C6B7BF /* ViewController.m */ = {isa = PBXFileReference; fileEncoding = 4; lastKnownFileType = sourcecode.c.objc; path = ViewController.m; sourceTree = "<group>"; };
		55BF67C41C5E26F300F95753 /* iTunesLibrary.framework */ = {isa = PBXFileReference; lastKnownFileType = wrapper.framework; name = iTunesLibrary.framework; path = ../../../../Library/Frameworks/iTunesLibrary.framework; sourceTree = "<group>"; };
/* End PBXFileReference section */

/* Begin PBXFrameworksBuildPhase section */
		5596F4491C5D76F900C6B7BF /* Frameworks */ = {
			isa = PBXFrameworksBuildPhase;
			buildActionMask = 2147483647;
			files = (
				55BF67C51C5E26F300F95753 /* iTunesLibrary.framework in Frameworks */,
			);
			runOnlyForDeploymentPostprocessing = 0;
		};
		5596F45C1C5D76F900C6B7BF /* Frameworks */ = {
			isa = PBXFrameworksBuildPhase;
			buildActionMask = 2147483647;
			files = (
			);
			runOnlyForDeploymentPostprocessing = 0;
		};
/* End PBXFrameworksBuildPhase section */

/* Begin PBXGroup section */
		5596F4431C5D76F900C6B7BF = {
			isa = PBXGroup;
			children = (
				55BF67C41C5E26F300F95753 /* iTunesLibrary.framework */,
				5596F44E1C5D76F900C6B7BF /* QuickMusic */,
				5596F4621C5D76F900C6B7BF /* QuickMusicTests */,
				5596F44D1C5D76F900C6B7BF /* Products */,
			);
			sourceTree = "<group>";
		};
		5596F44D1C5D76F900C6B7BF /* Products */ = {
			isa = PBXGroup;
			children = (
				5596F44C1C5D76F900C6B7BF /* QuickMusic.app */,
				5596F45F1C5D76F900C6B7BF /* QuickMusicTests.xctest */,
			);
			name = Products;
			sourceTree = "<group>";
		};
		5596F44E1C5D76F900C6B7BF /* QuickMusic */ = {
			isa = PBXGroup;
			children = (
				5596F4781C5D77EA00C6B7BF /* QMAlbum.h */,
				5596F4791C5D77EA00C6B7BF /* QMAlbum.m */,
				5596F47A1C5D77EA00C6B7BF /* QMImporter.h */,
				5596F47B1C5D77EA00C6B7BF /* QMImporter.m */,
				5596F47C1C5D77EA00C6B7BF /* QMLibrary.h */,
				5596F47D1C5D77EA00C6B7BF /* QMLibrary.m */,
				5596F47E1C5D77EA00C6B7BF /* QMSong.h */,
				5596F47F1C5D77EA00C6B7BF /* QMSong.m */,
				5596F4801C5D77EA00C6B7BF /* ViewController.h */,
				5596F4811C5D77EA00C6B7BF /* ViewController.m */,
				5596F4511C5D76F900C6B7BF /* AppDelegate.h */,
				5596F4521C5D76F900C6B7BF /* AppDelegate.m */,
				5596F4561C5D76F900C6B7BF /* Images.xcassets */,
				5596F4581C5D76F900C6B7BF /* MainMenu.xib */,
				5596F44F1C5D76F900C6B7BF /* Supporting Files */,
			);
			path = QuickMusic;
			sourceTree = "<group>";
		};
		5596F44F1C5D76F900C6B7BF /* Supporting Files */ = {
			isa = PBXGroup;
			children = (
				5596F4501C5D76F900C6B7BF /* Info.plist */,
				5596F4541C5D76F900C6B7BF /* main.m */,
			);
			name = "Supporting Files";
			sourceTree = "<group>";
		};
		5596F4621C5D76F900C6B7BF /* QuickMusicTests */ = {
			isa = PBXGroup;
			children = (
				5596F46F1C5D77D800C6B7BF /* AlbumTests.m */,
				5596F4701C5D77D800C6B7BF /* ImporterTests.m */,
				5596F4711C5D77D800C6B7BF /* LibraryTests.m */,
				5596F4721C5D77D800C6B7BF /* SongTests.m */,
				5596F4651C5D76F900C6B7BF /* QuickMusicTests.m */,
				5596F4631C5D76F900C6B7BF /* Supporting Files */,
			);
			path = QuickMusicTests;
			sourceTree = "<group>";
		};
		5596F4631C5D76F900C6B7BF /* Supporting Files */ = {
			isa = PBXGroup;
			children = (
				5596F4641C5D76F900C6B7BF /* Info.plist */,
			);
			name = "Supporting Files";
			sourceTree = "<group>";
		};
/* End PBXGroup section */

/* Begin PBXNativeTarget section */
		5596F44B1C5D76F900C6B7BF /* QuickMusic */ = {
			isa = PBXNativeTarget;
			buildConfigurationList = 5596F4691C5D76F900C6B7BF /* Build configuration list for PBXNativeTarget "QuickMusic" */;
			buildPhases = (
				5596F4481C5D76F900C6B7BF /* Sources */,
				5596F4491C5D76F900C6B7BF /* Frameworks */,
				5596F44A1C5D76F900C6B7BF /* Resources */,
			);
			buildRules = (
			);
			dependencies = (
			);
			name = QuickMusic;
			productName = QuickMusic;
			productReference = 5596F44C1C5D76F900C6B7BF /* QuickMusic.app */;
			productType = "com.apple.product-type.application";
		};
		5596F45E1C5D76F900C6B7BF /* QuickMusicTests */ = {
			isa = PBXNativeTarget;
			buildConfigurationList = 5596F46C1C5D76F900C6B7BF /* Build configuration list for PBXNativeTarget "QuickMusicTests" */;
			buildPhases = (
				5596F45B1C5D76F900C6B7BF /* Sources */,
				5596F45C1C5D76F900C6B7BF /* Frameworks */,
				5596F45D1C5D76F900C6B7BF /* Resources */,
			);
			buildRules = (
			);
			dependencies = (
				5596F4611C5D76F900C6B7BF /* PBXTargetDependency */,
			);
			name = QuickMusicTests;
			productName = QuickMusicTests;
			productReference = 5596F45F1C5D76F900C6B7BF /* QuickMusicTests.xctest */;
			productType = "com.apple.product-type.bundle.unit-test";
		};
/* End PBXNativeTarget section */

/* Begin PBXProject section */
		5596F4441C5D76F900C6B7BF /* Project object */ = {
			isa = PBXProject;
			attributes = {
				LastUpgradeCheck = 0620;
				ORGANIZATIONNAME = "QuickMusic Project";
				TargetAttributes = {
					5596F44B1C5D76F900C6B7BF = {
						CreatedOnToolsVersion = 6.2;
					};
					5596F45E1C5D76F900C6B7BF = {
						CreatedOnToolsVersion = 6.2;
						TestTargetID = 5596F44B1C5D76F900C6B7BF;
					};
				};
			};
			buildConfigurationList = 5596F4471C5D76F900C6B7BF /* Build configuration list for PBXProject "QuickMusic" */;
			compatibilityVersion = "Xcode 3.2";
			developmentRegion = English;
			hasScannedForEncodings = 0;
			knownRegions = (
				en,
				Base,
			);
			mainGroup = 5596F4431C5D76F900C6B7BF;
			productRefGroup = 5596F44D1C5D76F900C6B7BF /* Products */;
			projectDirPath = "";
			projectRoot = "";
			targets = (
				5596F44B1C5D76F900C6B7BF /* QuickMusic */,
				5596F45E1C5D76F900C6B7BF /* QuickMusicTests */,
			);
		};
/* End PBXProject section */

/* Begin PBXResourcesBuildPhase section */
		5596F44A1C5D76F900C6B7BF /* Resources */ = {
			isa = PBXResourcesBuildPhase;
			buildActionMask = 2147483647;
			files = (
				5596F4571C5D76F900C6B7BF /* Images.xcassets in Resources */,
				5596F45A1C5D76F900C6B7BF /* MainMenu.xib in Resources */,
			);
			runOnlyForDeploymentPostprocessing = 0;
		};
		5596F45D1C5D76F900C6B7BF /* Resources */ = {
			isa = PBXResourcesBuildPhase;
			buildActionMask = 2147483647;
			files = (
			);
			runOnlyForDeploymentPostprocessing = 0;
		};
/* End PBXResourcesBuildPhase section */

/* Begin PBXSourcesBuildPhase section */
		5596F4481C5D76F900C6B7BF /* Sources */ = {
			isa = PBXSourcesBuildPhase;
			buildActionMask = 2147483647;
			files = (
				5596F4871C5D77EA00C6B7BF /* ViewController.m in Sources */,
				5596F4861C5D77EA00C6B7BF /* QMSong.m in Sources */,
				5596F4551C5D76F900C6B7BF /* main.m in Sources */,
				5596F4851C5D77EA00C6B7BF /* QMLibrary.m in Sources */,
				5596F4531C5D76F900C6B7BF /* AppDelegate.m in Sources */,
				5596F4831C5D77EA00C6B7BF /* QMAlbum.m in Sources */,
				5596F4841C5D77EA00C6B7BF /* QMImporter.m in Sources */,
			);
			runOnlyForDeploymentPostprocessing = 0;
		};
		5596F45B1C5D76F900C6B7BF /* Sources */ = {
			isa = PBXSourcesBuildPhase;
			buildActionMask = 2147483647;
			files = (
				5596F4661C5D76F900C6B7BF /* QuickMusicTests.m in Sources */,
				5596F4751C5D77D800C6B7BF /* LibraryTests.m in Sources */,
				5596F4731C5D77D800C6B7BF /* AlbumTests.m in Sources */,
				5596F4761C5D77D800C6B7BF /* SongTests.m in Sources */,
				5596F4741C5D77D800C6B7BF /* ImporterTests.m in Sources */,
			);
			runOnlyForDeploymentPostprocessing = 0;
		};
/* End PBXSourcesBuildPhase section */

/* Begin PBXTargetDependency section */
		5596F4611C5D76F900C6B7BF /* PBXTargetDependency */ = {
			isa = PBXTargetDependency;
			target = 5596F44B1C5D76F900C6B7BF /* QuickMusic */;
			targetProxy = 5596F4601C5D76F900C6B7BF /* PBXContainerItemProxy */;
		};
/* End PBXTargetDependency section */

/* Begin PBXVariantGroup section */
		5596F4581C5D76F900C6B7BF /* MainMenu.xib */ = {
			isa = PBXVariantGroup;
			children = (
				5596F4591C5D76F900C6B7BF /* Base */,
			);
			name = MainMenu.xib;
			sourceTree = "<group>";
		};
/* End PBXVariantGroup section */

/* Begin XCBuildConfiguration section */
		5596F4671C5D76F900C6B7BF /* Debug */ = {
			isa = XCBuildConfiguration;
			buildSettings = {
				ALWAYS_SEARCH_USER_PATHS = NO;
				CLANG_CXX_LANGUAGE_STANDARD = "gnu++0x";
				CLANG_CXX_LIBRARY = "libc++";
				CLANG_ENABLE_MODULES = YES;
				CLANG_ENABLE_OBJC_ARC = YES;
				CLANG_WARN_BOOL_CONVERSION = YES;
				CLANG_WARN_CONSTANT_CONVERSION = YES;
				CLANG_WARN_DIRECT_OBJC_ISA_USAGE = YES_ERROR;
				CLANG_WARN_EMPTY_BODY = YES;
				CLANG_WARN_ENUM_CONVERSION = YES;
				CLANG_WARN_INT_CONVERSION = YES;
				CLANG_WARN_OBJC_ROOT_CLASS = YES_ERROR;
				CLANG_WARN_UNREACHABLE_CODE = YES;
				CLANG_WARN__DUPLICATE_METHOD_MATCH = YES;
				CODE_SIGN_IDENTITY = "-";
				COPY_PHASE_STRIP = NO;
				ENABLE_STRICT_OBJC_MSGSEND = YES;
				FRAMEWORK_SEARCH_PATHS = /Library/Frameworks/;
				GCC_C_LANGUAGE_STANDARD = gnu99;
				GCC_DYNAMIC_NO_PIC = NO;
				GCC_OPTIMIZATION_LEVEL = 0;
				GCC_PREPROCESSOR_DEFINITIONS = (
					"DEBUG=1",
					"$(inherited)",
				);
				GCC_SYMBOLS_PRIVATE_EXTERN = NO;
				GCC_WARN_64_TO_32_BIT_CONVERSION = YES;
				GCC_WARN_ABOUT_RETURN_TYPE = YES_ERROR;
				GCC_WARN_UNDECLARED_SELECTOR = YES;
				GCC_WARN_UNINITIALIZED_AUTOS = YES_AGGRESSIVE;
				GCC_WARN_UNUSED_FUNCTION = YES;
				GCC_WARN_UNUSED_VARIABLE = YES;
				HEADER_SEARCH_PATHS = (
					"$(inherited)",
					/Applications/Development/Xcode.app/Contents/Developer/Toolchains/XcodeDefault.xctoolchain/usr/include,
				);
				MACOSX_DEPLOYMENT_TARGET = 10.9;
				MTL_ENABLE_DEBUG_INFO = YES;
				ONLY_ACTIVE_ARCH = YES;
				SDKROOT = macosx;
			};
			name = Debug;
		};
		5596F4681C5D76F900C6B7BF /* Release */ = {
			isa = XCBuildConfiguration;
			buildSettings = {
				ALWAYS_SEARCH_USER_PATHS = NO;
				CLANG_CXX_LANGUAGE_STANDARD = "gnu++0x";
				CLANG_CXX_LIBRARY = "libc++";
				CLANG_ENABLE_MODULES = YES;
				CLANG_ENABLE_OBJC_ARC = YES;
				CLANG_WARN_BOOL_CONVERSION = YES;
				CLANG_WARN_CONSTANT_CONVERSION = YES;
				CLANG_WARN_DIRECT_OBJC_ISA_USAGE = YES_ERROR;
				CLANG_WARN_EMPTY_BODY = YES;
				CLANG_WARN_ENUM_CONVERSION = YES;
				CLANG_WARN_INT_CONVERSION = YES;
				CLANG_WARN_OBJC_ROOT_CLASS = YES_ERROR;
				CLANG_WARN_UNREACHABLE_CODE = YES;
				CLANG_WARN__DUPLICATE_METHOD_MATCH = YES;
				CODE_SIGN_IDENTITY = "-";
				COPY_PHASE_STRIP = NO;
				DEBUG_INFORMATION_FORMAT = "dwarf-with-dsym";
				ENABLE_NS_ASSERTIONS = NO;
				ENABLE_STRICT_OBJC_MSGSEND = YES;
				FRAMEWORK_SEARCH_PATHS = /Library/Frameworks/;
				GCC_C_LANGUAGE_STANDARD = gnu99;
				GCC_WARN_64_TO_32_BIT_CONVERSION = YES;
				GCC_WARN_ABOUT_RETURN_TYPE = YES_ERROR;
				GCC_WARN_UNDECLARED_SELECTOR = YES;
				GCC_WARN_UNINITIALIZED_AUTOS = YES_AGGRESSIVE;
				GCC_WARN_UNUSED_FUNCTION = YES;
				GCC_WARN_UNUSED_VARIABLE = YES;
				HEADER_SEARCH_PATHS = (
					"$(inherited)",
					/Applications/Development/Xcode.app/Contents/Developer/Toolchains/XcodeDefault.xctoolchain/usr/include,
				);
				MACOSX_DEPLOYMENT_TARGET = 10.9;
				MTL_ENABLE_DEBUG_INFO = NO;
				SDKROOT = macosx;
			};
			name = Release;
		};
		5596F46A1C5D76F900C6B7BF /* Debug */ = {
			isa = XCBuildConfiguration;
			buildSettings = {
				ASSETCATALOG_COMPILER_APPICON_NAME = AppIcon;
				COMBINE_HIDPI_IMAGES = YES;
				FRAMEWORK_SEARCH_PATHS = (
					"$(inherited)",
					"$(PROJECT_DIR)/QuickMusic",
					"$(LOCAL_LIBRARY_DIR)/Frameworks",
				);
				INFOPLIST_FILE = QuickMusic/Info.plist;
				LD_RUNPATH_SEARCH_PATHS = "$(inherited) @executable_path/../Frameworks";
				PRODUCT_NAME = "$(TARGET_NAME)";
			};
			name = Debug;
		};
		5596F46B1C5D76F900C6B7BF /* Release */ = {
			isa = XCBuildConfiguration;
			buildSettings = {
				ASSETCATALOG_COMPILER_APPICON_NAME = AppIcon;
				COMBINE_HIDPI_IMAGES = YES;
				FRAMEWORK_SEARCH_PATHS = (
					"$(inherited)",
					"$(PROJECT_DIR)/QuickMusic",
					"$(LOCAL_LIBRARY_DIR)/Frameworks",
				);
				INFOPLIST_FILE = QuickMusic/Info.plist;
				LD_RUNPATH_SEARCH_PATHS = "$(inherited) @executable_path/../Frameworks";
				PRODUCT_NAME = "$(TARGET_NAME)";
			};
			name = Release;
		};
		5596F46D1C5D76F900C6B7BF /* Debug */ = {
			isa = XCBuildConfiguration;
			buildSettings = {
				BUNDLE_LOADER = "$(TEST_HOST)";
				COMBINE_HIDPI_IMAGES = YES;
				FRAMEWORK_SEARCH_PATHS = (
					"$(DEVELOPER_FRAMEWORKS_DIR)",
					"$(inherited)",
				);
				GCC_PREPROCESSOR_DEFINITIONS = (
					"DEBUG=1",
					"$(inherited)",
				);
				INFOPLIST_FILE = QuickMusicTests/Info.plist;
				LD_RUNPATH_SEARCH_PATHS = "$(inherited) @executable_path/../Frameworks @loader_path/../Frameworks";
				PRODUCT_NAME = "$(TARGET_NAME)";
				TEST_HOST = "$(BUILT_PRODUCTS_DIR)/QuickMusic.app/Contents/MacOS/QuickMusic";
			};
			name = Debug;
		};
		5596F46E1C5D76F900C6B7BF /* Release */ = {
			isa = XCBuildConfiguration;
			buildSettings = {
				BUNDLE_LOADER = "$(TEST_HOST)";
				COMBINE_HIDPI_IMAGES = YES;
				FRAMEWORK_SEARCH_PATHS = (
					"$(DEVELOPER_FRAMEWORKS_DIR)",
					"$(inherited)",
				);
				INFOPLIST_FILE = QuickMusicTests/Info.plist;
				LD_RUNPATH_SEARCH_PATHS = "$(inherited) @executable_path/../Frameworks @loader_path/../Frameworks";
				PRODUCT_NAME = "$(TARGET_NAME)";
				TEST_HOST = "$(BUILT_PRODUCTS_DIR)/QuickMusic.app/Contents/MacOS/QuickMusic";
			};
			name = Release;
		};
/* End XCBuildConfiguration section */

/* Begin XCConfigurationList section */
		5596F4471C5D76F900C6B7BF /* Build configuration list for PBXProject "QuickMusic" */ = {
			isa = XCConfigurationList;
			buildConfigurations = (
				5596F4671C5D76F900C6B7BF /* Debug */,
				5596F4681C5D76F900C6B7BF /* Release */,
			);
			defaultConfigurationIsVisible = 0;
			defaultConfigurationName = Release;
		};
		5596F4691C5D76F900C6B7BF /* Build configuration list for PBXNativeTarget "QuickMusic" */ = {
			isa = XCConfigurationList;
			buildConfigurations = (
				5596F46A1C5D76F900C6B7BF /* Debug */,
				5596F46B1C5D76F900C6B7BF /* Release */,
			);
			defaultConfigurationIsVisible = 0;
			defaultConfigurationName = Release;
		};
		5596F46C1C5D76F900C6B7BF /* Build configuration list for PBXNativeTarget "QuickMusicTests" */ = {
			isa = XCConfigurationList;
			buildConfigurations = (
				5596F46D1C5D76F900C6B7BF /* Debug */,
				5596F46E1C5D76F900C6B7BF /* Release */,
			);
			defaultConfigurationIsVisible = 0;
			defaultConfigurationName = Release;
		};
/* End XCConfigurationList section */
	};
	rootObject = 5596F4441C5D76F900C6B7BF /* Project object */;
}
